
Microsoft Visual Studio Solution File, Format Version 12.00
# Visual Studio Version 17
VisualStudioVersion = 17.7.34202.233
MinimumVisualStudioVersion = 10.0.40219.1
Project("{FAE04EC0-301F-11D3-BF4B-00C04F79EFBC}") = "HW3", "HW3.csproj", "{630203FF-6A7B-4F4D-A16C-A1DE8A490CD6}"
EndProject
Global
	GlobalSection(SolutionConfigurationPlatforms) = preSolution
		Debug|Any CPU = Debug|Any CPU
		Release|Any CPU = Release|Any CPU
	EndGlobalSection
	GlobalSection(ProjectConfigurationPlatforms) = postSolution
		{630203FF-6A7B-4F4D-A16C-A1DE8A490CD6}.Debug|Any CPU.ActiveCfg = Debug|Any CPU
		{630203FF-6A7B-4F4D-A16C-A1DE8A490CD6}.Debug|Any CPU.Build.0 = Debug|Any CPU
		{630203FF-6A7B-4F4D-A16C-A1DE8A490CD6}.Release|Any CPU.ActiveCfg = Release|Any CPU
		{630203FF-6A7B-4F4D-A16C-A1DE8A490CD6}.Release|Any CPU.Build.0 = Release|Any CPU
	EndGlobalSection
	GlobalSection(SolutionProperties) = preSolution
		HideSolutionNode = FALSE
	EndGlobalSection
	GlobalSection(ExtensibilityGlobals) = postSolution
		SolutionGuid = {DBA69135-60A1-416F-9C42-AEE72C625F33}
	EndGlobalSection
EndGlobal
